// !$*UTF8*$!
{
	archiveVersion = 1;
	classes = {
	};
	objectVersion = 55;
	objects = {

/* Begin PBXBuildFile section */
		AD0F39FF28C35DF700CE8BF4 /* Chivo-Bold.ttf in Resources */ = {isa = PBXBuildFile; fileRef = AD0F39F728C35DF600CE8BF4 /* Chivo-Bold.ttf */; };
		AD0F3A0028C35DF700CE8BF4 /* Chivo-Black.ttf in Resources */ = {isa = PBXBuildFile; fileRef = AD0F39F828C35DF600CE8BF4 /* Chivo-Black.ttf */; };
		AD0F3A0128C35DF700CE8BF4 /* Chivo-BoldItalic.ttf in Resources */ = {isa = PBXBuildFile; fileRef = AD0F39F928C35DF700CE8BF4 /* Chivo-BoldItalic.ttf */; };
		AD0F3A0228C35DF700CE8BF4 /* Chivo-Light.ttf in Resources */ = {isa = PBXBuildFile; fileRef = AD0F39FA28C35DF700CE8BF4 /* Chivo-Light.ttf */; };
		AD0F3A0328C35DF700CE8BF4 /* Chivo-Italic.ttf in Resources */ = {isa = PBXBuildFile; fileRef = AD0F39FB28C35DF700CE8BF4 /* Chivo-Italic.ttf */; };
		AD0F3A0428C35DF700CE8BF4 /* Chivo-Regular.ttf in Resources */ = {isa = PBXBuildFile; fileRef = AD0F39FC28C35DF700CE8BF4 /* Chivo-Regular.ttf */; };
		AD0F3A0528C35DF700CE8BF4 /* Chivo-LightItalic.ttf in Resources */ = {isa = PBXBuildFile; fileRef = AD0F39FD28C35DF700CE8BF4 /* Chivo-LightItalic.ttf */; };
		AD0F3A0628C35DF700CE8BF4 /* Chivo-BlackItalic.ttf in Resources */ = {isa = PBXBuildFile; fileRef = AD0F39FE28C35DF700CE8BF4 /* Chivo-BlackItalic.ttf */; };
		AD0F3A0D28C35FFD00CE8BF4 /* WelcomeViewController.swift in Sources */ = {isa = PBXBuildFile; fileRef = AD0F3A0B28C35FFD00CE8BF4 /* WelcomeViewController.swift */; };
		AD0F3A0E28C35FFD00CE8BF4 /* WelcomeViewController.xib in Resources */ = {isa = PBXBuildFile; fileRef = AD0F3A0C28C35FFD00CE8BF4 /* WelcomeViewController.xib */; };
		AD0F3A1728C37FC700CE8BF4 /* CreateAccountViewController.swift in Sources */ = {isa = PBXBuildFile; fileRef = AD0F3A1528C37FC700CE8BF4 /* CreateAccountViewController.swift */; };
		AD0F3A1828C37FC700CE8BF4 /* CreateAccountViewController.xib in Resources */ = {isa = PBXBuildFile; fileRef = AD0F3A1628C37FC700CE8BF4 /* CreateAccountViewController.xib */; };
		AD0F3A1C28C38BE300CE8BF4 /* CreateAccountTableViewCell.swift in Sources */ = {isa = PBXBuildFile; fileRef = AD0F3A1A28C38BE300CE8BF4 /* CreateAccountTableViewCell.swift */; };
		AD0F3A1D28C38BE300CE8BF4 /* CreateAccountTableViewCell.xib in Resources */ = {isa = PBXBuildFile; fileRef = AD0F3A1B28C38BE300CE8BF4 /* CreateAccountTableViewCell.xib */; };
		AD0F3A2628C3AB4800CE8BF4 /* MovieDetailTableViewController.swift in Sources */ = {isa = PBXBuildFile; fileRef = AD0F3A2428C3AB4800CE8BF4 /* MovieDetailTableViewController.swift */; };
		AD0F3A2728C3AB4800CE8BF4 /* MovieDetailTableViewController.xib in Resources */ = {isa = PBXBuildFile; fileRef = AD0F3A2528C3AB4800CE8BF4 /* MovieDetailTableViewController.xib */; };
		AD0F3A2C28C3AC1100CE8BF4 /* UIImageView + Extension.swift in Sources */ = {isa = PBXBuildFile; fileRef = AD0F3A2B28C3AC1100CE8BF4 /* UIImageView + Extension.swift */; };
		AD9B640B28C3235100C78482 /* AppDelegate.swift in Sources */ = {isa = PBXBuildFile; fileRef = AD9B640A28C3235100C78482 /* AppDelegate.swift */; };
		AD9B640D28C3235100C78482 /* SceneDelegate.swift in Sources */ = {isa = PBXBuildFile; fileRef = AD9B640C28C3235100C78482 /* SceneDelegate.swift */; };
		AD9B640F28C3235100C78482 /* ViewController.swift in Sources */ = {isa = PBXBuildFile; fileRef = AD9B640E28C3235100C78482 /* ViewController.swift */; };
		AD9B641228C3235100C78482 /* Main.storyboard in Resources */ = {isa = PBXBuildFile; fileRef = AD9B641028C3235100C78482 /* Main.storyboard */; };
		AD9B641428C3235500C78482 /* Assets.xcassets in Resources */ = {isa = PBXBuildFile; fileRef = AD9B641328C3235500C78482 /* Assets.xcassets */; };
		AD9B641728C3235500C78482 /* LaunchScreen.storyboard in Resources */ = {isa = PBXBuildFile; fileRef = AD9B641528C3235500C78482 /* LaunchScreen.storyboard */; };
		AD9FB7FD28C3BAA700B2B20F /* MovieListViewController.swift in Sources */ = {isa = PBXBuildFile; fileRef = AD9FB7FB28C3BAA700B2B20F /* MovieListViewController.swift */; };
		AD9FB7FE28C3BAA700B2B20F /* MovieListViewController.xib in Resources */ = {isa = PBXBuildFile; fileRef = AD9FB7FC28C3BAA700B2B20F /* MovieListViewController.xib */; };
		AD9FB80128C3BAE700B2B20F /* UpComingMovieTableViewCell.swift in Sources */ = {isa = PBXBuildFile; fileRef = AD9FB7FF28C3BAE700B2B20F /* UpComingMovieTableViewCell.swift */; };
		AD9FB80228C3BAE700B2B20F /* UpComingMovieTableViewCell.xib in Resources */ = {isa = PBXBuildFile; fileRef = AD9FB80028C3BAE700B2B20F /* UpComingMovieTableViewCell.xib */; };
		AD9FB80428C3BD1E00B2B20F /* RoundedImageView.swift in Sources */ = {isa = PBXBuildFile; fileRef = AD9FB80328C3BD1E00B2B20F /* RoundedImageView.swift */; };
		AD9FB80728C3BDAC00B2B20F /* MovieTypeTableViewCell.swift in Sources */ = {isa = PBXBuildFile; fileRef = AD9FB80528C3BDAC00B2B20F /* MovieTypeTableViewCell.swift */; };
		AD9FB80828C3BDAC00B2B20F /* MovieTypeTableViewCell.xib in Resources */ = {isa = PBXBuildFile; fileRef = AD9FB80628C3BDAC00B2B20F /* MovieTypeTableViewCell.xib */; };
		AD9FB80C28C3C40D00B2B20F /* MovieListCollectionViewCell.swift in Sources */ = {isa = PBXBuildFile; fileRef = AD9FB80A28C3C40D00B2B20F /* MovieListCollectionViewCell.swift */; };
		AD9FB80D28C3C40D00B2B20F /* MovieListCollectionViewCell.xib in Resources */ = {isa = PBXBuildFile; fileRef = AD9FB80B28C3C40D00B2B20F /* MovieListCollectionViewCell.xib */; };
		D4D13B673274139A46CDD587 /* Pods_Codigo_Code_Test.framework in Frameworks */ = {isa = PBXBuildFile; fileRef = 61E8871AAECC305109FD2495 /* Pods_Codigo_Code_Test.framework */; };
/* End PBXBuildFile section */

/* Begin PBXFileReference section */
		61E8871AAECC305109FD2495 /* Pods_Codigo_Code_Test.framework */ = {isa = PBXFileReference; explicitFileType = wrapper.framework; includeInIndex = 0; path = Pods_Codigo_Code_Test.framework; sourceTree = BUILT_PRODUCTS_DIR; };
		AD0F39F728C35DF600CE8BF4 /* Chivo-Bold.ttf */ = {isa = PBXFileReference; lastKnownFileType = file; path = "Chivo-Bold.ttf"; sourceTree = "<group>"; };
		AD0F39F828C35DF600CE8BF4 /* Chivo-Black.ttf */ = {isa = PBXFileReference; lastKnownFileType = file; path = "Chivo-Black.ttf"; sourceTree = "<group>"; };
		AD0F39F928C35DF700CE8BF4 /* Chivo-BoldItalic.ttf */ = {isa = PBXFileReference; lastKnownFileType = file; path = "Chivo-BoldItalic.ttf"; sourceTree = "<group>"; };
		AD0F39FA28C35DF700CE8BF4 /* Chivo-Light.ttf */ = {isa = PBXFileReference; lastKnownFileType = file; path = "Chivo-Light.ttf"; sourceTree = "<group>"; };
		AD0F39FB28C35DF700CE8BF4 /* Chivo-Italic.ttf */ = {isa = PBXFileReference; lastKnownFileType = file; path = "Chivo-Italic.ttf"; sourceTree = "<group>"; };
		AD0F39FC28C35DF700CE8BF4 /* Chivo-Regular.ttf */ = {isa = PBXFileReference; lastKnownFileType = file; path = "Chivo-Regular.ttf"; sourceTree = "<group>"; };
		AD0F39FD28C35DF700CE8BF4 /* Chivo-LightItalic.ttf */ = {isa = PBXFileReference; lastKnownFileType = file; path = "Chivo-LightItalic.ttf"; sourceTree = "<group>"; };
		AD0F39FE28C35DF700CE8BF4 /* Chivo-BlackItalic.ttf */ = {isa = PBXFileReference; lastKnownFileType = file; path = "Chivo-BlackItalic.ttf"; sourceTree = "<group>"; };
		AD0F3A0B28C35FFD00CE8BF4 /* WelcomeViewController.swift */ = {isa = PBXFileReference; lastKnownFileType = sourcecode.swift; path = WelcomeViewController.swift; sourceTree = "<group>"; };
		AD0F3A0C28C35FFD00CE8BF4 /* WelcomeViewController.xib */ = {isa = PBXFileReference; lastKnownFileType = file.xib; path = WelcomeViewController.xib; sourceTree = "<group>"; };
		AD0F3A1528C37FC700CE8BF4 /* CreateAccountViewController.swift */ = {isa = PBXFileReference; lastKnownFileType = sourcecode.swift; path = CreateAccountViewController.swift; sourceTree = "<group>"; };
		AD0F3A1628C37FC700CE8BF4 /* CreateAccountViewController.xib */ = {isa = PBXFileReference; lastKnownFileType = file.xib; path = CreateAccountViewController.xib; sourceTree = "<group>"; };
		AD0F3A1A28C38BE300CE8BF4 /* CreateAccountTableViewCell.swift */ = {isa = PBXFileReference; lastKnownFileType = sourcecode.swift; path = CreateAccountTableViewCell.swift; sourceTree = "<group>"; };
		AD0F3A1B28C38BE300CE8BF4 /* CreateAccountTableViewCell.xib */ = {isa = PBXFileReference; lastKnownFileType = file.xib; path = CreateAccountTableViewCell.xib; sourceTree = "<group>"; };
		AD0F3A2428C3AB4800CE8BF4 /* MovieDetailTableViewController.swift */ = {isa = PBXFileReference; lastKnownFileType = sourcecode.swift; path = MovieDetailTableViewController.swift; sourceTree = "<group>"; };
		AD0F3A2528C3AB4800CE8BF4 /* MovieDetailTableViewController.xib */ = {isa = PBXFileReference; lastKnownFileType = file.xib; path = MovieDetailTableViewController.xib; sourceTree = "<group>"; };
		AD0F3A2B28C3AC1100CE8BF4 /* UIImageView + Extension.swift */ = {isa = PBXFileReference; lastKnownFileType = sourcecode.swift; path = "UIImageView + Extension.swift"; sourceTree = "<group>"; };
		AD9B640728C3235100C78482 /* Codigo Code Test.app */ = {isa = PBXFileReference; explicitFileType = wrapper.application; includeInIndex = 0; path = "Codigo Code Test.app"; sourceTree = BUILT_PRODUCTS_DIR; };
		AD9B640A28C3235100C78482 /* AppDelegate.swift */ = {isa = PBXFileReference; lastKnownFileType = sourcecode.swift; path = AppDelegate.swift; sourceTree = "<group>"; };
		AD9B640C28C3235100C78482 /* SceneDelegate.swift */ = {isa = PBXFileReference; lastKnownFileType = sourcecode.swift; path = SceneDelegate.swift; sourceTree = "<group>"; };
		AD9B640E28C3235100C78482 /* ViewController.swift */ = {isa = PBXFileReference; lastKnownFileType = sourcecode.swift; path = ViewController.swift; sourceTree = "<group>"; };
		AD9B641128C3235100C78482 /* Base */ = {isa = PBXFileReference; lastKnownFileType = file.storyboard; name = Base; path = Base.lproj/Main.storyboard; sourceTree = "<group>"; };
		AD9B641328C3235500C78482 /* Assets.xcassets */ = {isa = PBXFileReference; lastKnownFileType = folder.assetcatalog; path = Assets.xcassets; sourceTree = "<group>"; };
		AD9B641628C3235500C78482 /* Base */ = {isa = PBXFileReference; lastKnownFileType = file.storyboard; name = Base; path = Base.lproj/LaunchScreen.storyboard; sourceTree = "<group>"; };
		AD9B641828C3235500C78482 /* Info.plist */ = {isa = PBXFileReference; lastKnownFileType = text.plist.xml; path = Info.plist; sourceTree = "<group>"; };
		AD9FB7FB28C3BAA700B2B20F /* MovieListViewController.swift */ = {isa = PBXFileReference; lastKnownFileType = sourcecode.swift; path = MovieListViewController.swift; sourceTree = "<group>"; };
		AD9FB7FC28C3BAA700B2B20F /* MovieListViewController.xib */ = {isa = PBXFileReference; lastKnownFileType = file.xib; path = MovieListViewController.xib; sourceTree = "<group>"; };
		AD9FB7FF28C3BAE700B2B20F /* UpComingMovieTableViewCell.swift */ = {isa = PBXFileReference; lastKnownFileType = sourcecode.swift; path = UpComingMovieTableViewCell.swift; sourceTree = "<group>"; };
		AD9FB80028C3BAE700B2B20F /* UpComingMovieTableViewCell.xib */ = {isa = PBXFileReference; lastKnownFileType = file.xib; path = UpComingMovieTableViewCell.xib; sourceTree = "<group>"; };
		AD9FB80328C3BD1E00B2B20F /* RoundedImageView.swift */ = {isa = PBXFileReference; lastKnownFileType = sourcecode.swift; path = RoundedImageView.swift; sourceTree = "<group>"; };
		AD9FB80528C3BDAC00B2B20F /* MovieTypeTableViewCell.swift */ = {isa = PBXFileReference; lastKnownFileType = sourcecode.swift; path = MovieTypeTableViewCell.swift; sourceTree = "<group>"; };
		AD9FB80628C3BDAC00B2B20F /* MovieTypeTableViewCell.xib */ = {isa = PBXFileReference; lastKnownFileType = file.xib; path = MovieTypeTableViewCell.xib; sourceTree = "<group>"; };
		AD9FB80A28C3C40D00B2B20F /* MovieListCollectionViewCell.swift */ = {isa = PBXFileReference; lastKnownFileType = sourcecode.swift; path = MovieListCollectionViewCell.swift; sourceTree = "<group>"; };
		AD9FB80B28C3C40D00B2B20F /* MovieListCollectionViewCell.xib */ = {isa = PBXFileReference; lastKnownFileType = file.xib; path = MovieListCollectionViewCell.xib; sourceTree = "<group>"; };
		B5C69BA968D1F90A9157364E /* Pods-Codigo Code Test.release.xcconfig */ = {isa = PBXFileReference; includeInIndex = 1; lastKnownFileType = text.xcconfig; name = "Pods-Codigo Code Test.release.xcconfig"; path = "Target Support Files/Pods-Codigo Code Test/Pods-Codigo Code Test.release.xcconfig"; sourceTree = "<group>"; };
		BCAFE7559D5571033E68730F /* Pods-Codigo Code Test.debug.xcconfig */ = {isa = PBXFileReference; includeInIndex = 1; lastKnownFileType = text.xcconfig; name = "Pods-Codigo Code Test.debug.xcconfig"; path = "Target Support Files/Pods-Codigo Code Test/Pods-Codigo Code Test.debug.xcconfig"; sourceTree = "<group>"; };
/* End PBXFileReference section */

/* Begin PBXFrameworksBuildPhase section */
		AD9B640428C3235100C78482 /* Frameworks */ = {
			isa = PBXFrameworksBuildPhase;
			buildActionMask = 2147483647;
			files = (
				D4D13B673274139A46CDD587 /* Pods_Codigo_Code_Test.framework in Frameworks */,
			);
			runOnlyForDeploymentPostprocessing = 0;
		};
/* End PBXFrameworksBuildPhase section */

/* Begin PBXGroup section */
		1EE3C4E1FA019414D156C5A8 /* Frameworks */ = {
			isa = PBXGroup;
			children = (
				61E8871AAECC305109FD2495 /* Pods_Codigo_Code_Test.framework */,
			);
			name = Frameworks;
			sourceTree = "<group>";
		};
		2FDC6EA34BBC5842D3D35895 /* Pods */ = {
			isa = PBXGroup;
			children = (
				BCAFE7559D5571033E68730F /* Pods-Codigo Code Test.debug.xcconfig */,
				B5C69BA968D1F90A9157364E /* Pods-Codigo Code Test.release.xcconfig */,
			);
			path = Pods;
			sourceTree = "<group>";
		};
		AD0F39F628C35DDE00CE8BF4 /* Fonts */ = {
			isa = PBXGroup;
			children = (
				AD0F39F828C35DF600CE8BF4 /* Chivo-Black.ttf */,
				AD0F39FE28C35DF700CE8BF4 /* Chivo-BlackItalic.ttf */,
				AD0F39F728C35DF600CE8BF4 /* Chivo-Bold.ttf */,
				AD0F39F928C35DF700CE8BF4 /* Chivo-BoldItalic.ttf */,
				AD0F39FB28C35DF700CE8BF4 /* Chivo-Italic.ttf */,
				AD0F39FA28C35DF700CE8BF4 /* Chivo-Light.ttf */,
				AD0F39FD28C35DF700CE8BF4 /* Chivo-LightItalic.ttf */,
				AD0F39FC28C35DF700CE8BF4 /* Chivo-Regular.ttf */,
			);
			path = Fonts;
			sourceTree = "<group>";
		};
		AD0F3A0728C35EDE00CE8BF4 /* UI */ = {
			isa = PBXGroup;
			children = (
				AD0F3A0828C35EE600CE8BF4 /* State&Date Management */,
				AD0F3A0928C35F0D00CE8BF4 /* Code Management */,
				AD0F3A0A28C35F1F00CE8BF4 /* UI Design */,
			);
			path = UI;
			sourceTree = "<group>";
		};
		AD0F3A0828C35EE600CE8BF4 /* State&Date Management */ = {
			isa = PBXGroup;
			children = (
				AD0F3A1428C3609B00CE8BF4 /* swift */,
				AD0F3A1328C3609400CE8BF4 /* xib */,
			);
			path = "State&Date Management";
			sourceTree = "<group>";
		};
		AD0F3A0928C35F0D00CE8BF4 /* Code Management */ = {
			isa = PBXGroup;
			children = (
				AD0F3A1F28C3AB0800CE8BF4 /* xib */,
				AD0F3A1E28C3AB0100CE8BF4 /* swift */,
			);
			path = "Code Management";
			sourceTree = "<group>";
		};
		AD0F3A0A28C35F1F00CE8BF4 /* UI Design */ = {
			isa = PBXGroup;
			children = (
			);
			path = "UI Design";
			sourceTree = "<group>";
		};
		AD0F3A1328C3609400CE8BF4 /* xib */ = {
			isa = PBXGroup;
			children = (
				AD0F3A0C28C35FFD00CE8BF4 /* WelcomeViewController.xib */,
				AD0F3A1628C37FC700CE8BF4 /* CreateAccountViewController.xib */,
			);
			path = xib;
			sourceTree = "<group>";
		};
		AD0F3A1428C3609B00CE8BF4 /* swift */ = {
			isa = PBXGroup;
			children = (
				AD0F3A0B28C35FFD00CE8BF4 /* WelcomeViewController.swift */,
				AD0F3A1528C37FC700CE8BF4 /* CreateAccountViewController.swift */,
			);
			path = swift;
			sourceTree = "<group>";
		};
		AD0F3A1928C3829F00CE8BF4 /* TableViewCell */ = {
			isa = PBXGroup;
			children = (
				AD0F3A1A28C38BE300CE8BF4 /* CreateAccountTableViewCell.swift */,
				AD0F3A1B28C38BE300CE8BF4 /* CreateAccountTableViewCell.xib */,
				AD9FB7FF28C3BAE700B2B20F /* UpComingMovieTableViewCell.swift */,
				AD9FB80028C3BAE700B2B20F /* UpComingMovieTableViewCell.xib */,
				AD9FB80528C3BDAC00B2B20F /* MovieTypeTableViewCell.swift */,
				AD9FB80628C3BDAC00B2B20F /* MovieTypeTableViewCell.xib */,
			);
			path = TableViewCell;
			sourceTree = "<group>";
		};
		AD0F3A1E28C3AB0100CE8BF4 /* swift */ = {
			isa = PBXGroup;
			children = (
				AD0F3A2428C3AB4800CE8BF4 /* MovieDetailTableViewController.swift */,
				AD0F3A2528C3AB4800CE8BF4 /* MovieDetailTableViewController.xib */,
			);
			path = swift;
			sourceTree = "<group>";
		};
		AD0F3A1F28C3AB0800CE8BF4 /* xib */ = {
			isa = PBXGroup;
			children = (
				AD9FB7FB28C3BAA700B2B20F /* MovieListViewController.swift */,
				AD9FB7FC28C3BAA700B2B20F /* MovieListViewController.xib */,
			);
			path = xib;
			sourceTree = "<group>";
		};
		AD0F3A2828C3ABED00CE8BF4 /* Utils */ = {
			isa = PBXGroup;
			children = (
				AD0F3A2B28C3AC1100CE8BF4 /* UIImageView + Extension.swift */,
				AD9FB80328C3BD1E00B2B20F /* RoundedImageView.swift */,
			);
			path = Utils;
			sourceTree = "<group>";
		};
		AD9B63FE28C3235100C78482 = {
			isa = PBXGroup;
			children = (
				AD9B640928C3235100C78482 /* Codigo Code Test */,
				AD9B640828C3235100C78482 /* Products */,
				2FDC6EA34BBC5842D3D35895 /* Pods */,
				1EE3C4E1FA019414D156C5A8 /* Frameworks */,
			);
			sourceTree = "<group>";
		};
		AD9B640828C3235100C78482 /* Products */ = {
			isa = PBXGroup;
			children = (
				AD9B640728C3235100C78482 /* Codigo Code Test.app */,
			);
			name = Products;
			sourceTree = "<group>";
		};
		AD9B640928C3235100C78482 /* Codigo Code Test */ = {
			isa = PBXGroup;
			children = (
				AD9FB80928C3C3D000B2B20F /* CollectionViewCell */,
				AD0F3A2828C3ABED00CE8BF4 /* Utils */,
				AD0F3A1928C3829F00CE8BF4 /* TableViewCell */,
				AD0F3A0728C35EDE00CE8BF4 /* UI */,
				AD0F39F628C35DDE00CE8BF4 /* Fonts */,
				AD9B640A28C3235100C78482 /* AppDelegate.swift */,
				AD9B640C28C3235100C78482 /* SceneDelegate.swift */,
				AD9B640E28C3235100C78482 /* ViewController.swift */,
				AD9B641028C3235100C78482 /* Main.storyboard */,
				AD9B641328C3235500C78482 /* Assets.xcassets */,
				AD9B641528C3235500C78482 /* LaunchScreen.storyboard */,
				AD9B641828C3235500C78482 /* Info.plist */,
			);
			path = "Codigo Code Test";
			sourceTree = "<group>";
		};
		AD9FB80928C3C3D000B2B20F /* CollectionViewCell */ = {
			isa = PBXGroup;
			children = (
				AD9FB80A28C3C40D00B2B20F /* MovieListCollectionViewCell.swift */,
				AD9FB80B28C3C40D00B2B20F /* MovieListCollectionViewCell.xib */,
			);
			path = CollectionViewCell;
			sourceTree = "<group>";
		};
/* End PBXGroup section */

/* Begin PBXNativeTarget section */
		AD9B640628C3235100C78482 /* Codigo Code Test */ = {
			isa = PBXNativeTarget;
			buildConfigurationList = AD9B641B28C3235500C78482 /* Build configuration list for PBXNativeTarget "Codigo Code Test" */;
			buildPhases = (
				EBAE93BB1B84BBB7C2E83912 /* [CP] Check Pods Manifest.lock */,
				AD9B640328C3235100C78482 /* Sources */,
				AD9B640428C3235100C78482 /* Frameworks */,
				AD9B640528C3235100C78482 /* Resources */,
				2D37325594BE29CC2BF1485D /* [CP] Embed Pods Frameworks */,
			);
			buildRules = (
			);
			dependencies = (
			);
			name = "Codigo Code Test";
			productName = "Codigo Code Test";
			productReference = AD9B640728C3235100C78482 /* Codigo Code Test.app */;
			productType = "com.apple.product-type.application";
		};
/* End PBXNativeTarget section */

/* Begin PBXProject section */
		AD9B63FF28C3235100C78482 /* Project object */ = {
			isa = PBXProject;
			attributes = {
				BuildIndependentTargetsInParallel = 1;
				LastSwiftUpdateCheck = 1320;
				LastUpgradeCheck = 1320;
				TargetAttributes = {
					AD9B640628C3235100C78482 = {
						CreatedOnToolsVersion = 13.2.1;
					};
				};
			};
			buildConfigurationList = AD9B640228C3235100C78482 /* Build configuration list for PBXProject "Codigo Code Test" */;
			compatibilityVersion = "Xcode 13.0";
			developmentRegion = en;
			hasScannedForEncodings = 0;
			knownRegions = (
				en,
				Base,
			);
			mainGroup = AD9B63FE28C3235100C78482;
			productRefGroup = AD9B640828C3235100C78482 /* Products */;
			projectDirPath = "";
			projectRoot = "";
			targets = (
				AD9B640628C3235100C78482 /* Codigo Code Test */,
			);
		};
/* End PBXProject section */

/* Begin PBXResourcesBuildPhase section */
		AD9B640528C3235100C78482 /* Resources */ = {
			isa = PBXResourcesBuildPhase;
			buildActionMask = 2147483647;
			files = (
				AD9FB80228C3BAE700B2B20F /* UpComingMovieTableViewCell.xib in Resources */,
				AD0F3A0328C35DF700CE8BF4 /* Chivo-Italic.ttf in Resources */,
				AD9FB80828C3BDAC00B2B20F /* MovieTypeTableViewCell.xib in Resources */,
				AD0F3A2728C3AB4800CE8BF4 /* MovieDetailTableViewController.xib in Resources */,
				AD9B641728C3235500C78482 /* LaunchScreen.storyboard in Resources */,
				AD0F3A0228C35DF700CE8BF4 /* Chivo-Light.ttf in Resources */,
				AD0F3A1828C37FC700CE8BF4 /* CreateAccountViewController.xib in Resources */,
				AD0F3A0128C35DF700CE8BF4 /* Chivo-BoldItalic.ttf in Resources */,
				AD0F3A0628C35DF700CE8BF4 /* Chivo-BlackItalic.ttf in Resources */,
				AD9FB80D28C3C40D00B2B20F /* MovieListCollectionViewCell.xib in Resources */,
				AD9FB7FE28C3BAA700B2B20F /* MovieListViewController.xib in Resources */,
				AD0F3A0E28C35FFD00CE8BF4 /* WelcomeViewController.xib in Resources */,
				AD0F3A0028C35DF700CE8BF4 /* Chivo-Black.ttf in Resources */,
				AD0F3A0528C35DF700CE8BF4 /* Chivo-LightItalic.ttf in Resources */,
				AD0F39FF28C35DF700CE8BF4 /* Chivo-Bold.ttf in Resources */,
				AD9B641428C3235500C78482 /* Assets.xcassets in Resources */,
				AD9B641228C3235100C78482 /* Main.storyboard in Resources */,
				AD0F3A0428C35DF700CE8BF4 /* Chivo-Regular.ttf in Resources */,
				AD0F3A1D28C38BE300CE8BF4 /* CreateAccountTableViewCell.xib in Resources */,
			);
			runOnlyForDeploymentPostprocessing = 0;
		};
/* End PBXResourcesBuildPhase section */

/* Begin PBXShellScriptBuildPhase section */
		2D37325594BE29CC2BF1485D /* [CP] Embed Pods Frameworks */ = {
			isa = PBXShellScriptBuildPhase;
			buildActionMask = 2147483647;
			files = (
			);
			inputFileListPaths = (
				"${PODS_ROOT}/Target Support Files/Pods-Codigo Code Test/Pods-Codigo Code Test-frameworks-${CONFIGURATION}-input-files.xcfilelist",
			);
			name = "[CP] Embed Pods Frameworks";
			outputFileListPaths = (
				"${PODS_ROOT}/Target Support Files/Pods-Codigo Code Test/Pods-Codigo Code Test-frameworks-${CONFIGURATION}-output-files.xcfilelist",
			);
			runOnlyForDeploymentPostprocessing = 0;
			shellPath = /bin/sh;
			shellScript = "\"${PODS_ROOT}/Target Support Files/Pods-Codigo Code Test/Pods-Codigo Code Test-frameworks.sh\"\n";
			showEnvVarsInLog = 0;
		};
		EBAE93BB1B84BBB7C2E83912 /* [CP] Check Pods Manifest.lock */ = {
			isa = PBXShellScriptBuildPhase;
			buildActionMask = 2147483647;
			files = (
			);
			inputFileListPaths = (
			);
			inputPaths = (
				"${PODS_PODFILE_DIR_PATH}/Podfile.lock",
				"${PODS_ROOT}/Manifest.lock",
			);
			name = "[CP] Check Pods Manifest.lock";
			outputFileListPaths = (
			);
			outputPaths = (
				"$(DERIVED_FILE_DIR)/Pods-Codigo Code Test-checkManifestLockResult.txt",
			);
			runOnlyForDeploymentPostprocessing = 0;
			shellPath = /bin/sh;
			shellScript = "diff \"${PODS_PODFILE_DIR_PATH}/Podfile.lock\" \"${PODS_ROOT}/Manifest.lock\" > /dev/null\nif [ $? != 0 ] ; then\n    # print error to STDERR\n    echo \"error: The sandbox is not in sync with the Podfile.lock. Run 'pod install' or update your CocoaPods installation.\" >&2\n    exit 1\nfi\n# This output is used by Xcode 'outputs' to avoid re-running this script phase.\necho \"SUCCESS\" > \"${SCRIPT_OUTPUT_FILE_0}\"\n";
			showEnvVarsInLog = 0;
		};
/* End PBXShellScriptBuildPhase section */

/* Begin PBXSourcesBuildPhase section */
		AD9B640328C3235100C78482 /* Sources */ = {
			isa = PBXSourcesBuildPhase;
			buildActionMask = 2147483647;
			files = (
				AD0F3A2C28C3AC1100CE8BF4 /* UIImageView + Extension.swift in Sources */,
				AD0F3A1728C37FC700CE8BF4 /* CreateAccountViewController.swift in Sources */,
				AD0F3A2628C3AB4800CE8BF4 /* MovieDetailTableViewController.swift in Sources */,
				AD9B640F28C3235100C78482 /* ViewController.swift in Sources */,
				AD9FB80728C3BDAC00B2B20F /* MovieTypeTableViewCell.swift in Sources */,
				AD9FB80128C3BAE700B2B20F /* UpComingMovieTableViewCell.swift in Sources */,
				AD0F3A0D28C35FFD00CE8BF4 /* WelcomeViewController.swift in Sources */,
				AD9B640B28C3235100C78482 /* AppDelegate.swift in Sources */,
				AD9FB80C28C3C40D00B2B20F /* MovieListCollectionViewCell.swift in Sources */,
				AD9FB7FD28C3BAA700B2B20F /* MovieListViewController.swift in Sources */,
				AD9FB80428C3BD1E00B2B20F /* RoundedImageView.swift in Sources */,
				AD0F3A1C28C38BE300CE8BF4 /* CreateAccountTableViewCell.swift in Sources */,
				AD9B640D28C3235100C78482 /* SceneDelegate.swift in Sources */,
			);
			runOnlyForDeploymentPostprocessing = 0;
		};
/* End PBXSourcesBuildPhase section */

/* Begin PBXVariantGroup section */
		AD9B641028C3235100C78482 /* Main.storyboard */ = {
			isa = PBXVariantGroup;
			children = (
				AD9B641128C3235100C78482 /* Base */,
			);
			name = Main.storyboard;
			sourceTree = "<group>";
		};
		AD9B641528C3235500C78482 /* LaunchScreen.storyboard */ = {
			isa = PBXVariantGroup;
			children = (
				AD9B641628C3235500C78482 /* Base */,
			);
			name = LaunchScreen.storyboard;
			sourceTree = "<group>";
		};
/* End PBXVariantGroup section */

/* Begin XCBuildConfiguration section */
		AD9B641928C3235500C78482 /* Debug */ = {
			isa = XCBuildConfiguration;
			buildSettings = {
				ALWAYS_SEARCH_USER_PATHS = NO;
				CLANG_ANALYZER_NONNULL = YES;
				CLANG_ANALYZER_NUMBER_OBJECT_CONVERSION = YES_AGGRESSIVE;
				CLANG_CXX_LANGUAGE_STANDARD = "gnu++17";
				CLANG_CXX_LIBRARY = "libc++";
				CLANG_ENABLE_MODULES = YES;
				CLANG_ENABLE_OBJC_ARC = YES;
				CLANG_ENABLE_OBJC_WEAK = YES;
				CLANG_WARN_BLOCK_CAPTURE_AUTORELEASING = YES;
				CLANG_WARN_BOOL_CONVERSION = YES;
				CLANG_WARN_COMMA = YES;
				CLANG_WARN_CONSTANT_CONVERSION = YES;
				CLANG_WARN_DEPRECATED_OBJC_IMPLEMENTATIONS = YES;
				CLANG_WARN_DIRECT_OBJC_ISA_USAGE = YES_ERROR;
				CLANG_WARN_DOCUMENTATION_COMMENTS = YES;
				CLANG_WARN_EMPTY_BODY = YES;
				CLANG_WARN_ENUM_CONVERSION = YES;
				CLANG_WARN_INFINITE_RECURSION = YES;
				CLANG_WARN_INT_CONVERSION = YES;
				CLANG_WARN_NON_LITERAL_NULL_CONVERSION = YES;
				CLANG_WARN_OBJC_IMPLICIT_RETAIN_SELF = YES;
				CLANG_WARN_OBJC_LITERAL_CONVERSION = YES;
				CLANG_WARN_OBJC_ROOT_CLASS = YES_ERROR;
				CLANG_WARN_QUOTED_INCLUDE_IN_FRAMEWORK_HEADER = YES;
				CLANG_WARN_RANGE_LOOP_ANALYSIS = YES;
				CLANG_WARN_STRICT_PROTOTYPES = YES;
				CLANG_WARN_SUSPICIOUS_MOVE = YES;
				CLANG_WARN_UNGUARDED_AVAILABILITY = YES_AGGRESSIVE;
				CLANG_WARN_UNREACHABLE_CODE = YES;
				CLANG_WARN__DUPLICATE_METHOD_MATCH = YES;
				COPY_PHASE_STRIP = NO;
				DEBUG_INFORMATION_FORMAT = dwarf;
				ENABLE_STRICT_OBJC_MSGSEND = YES;
				ENABLE_TESTABILITY = YES;
				GCC_C_LANGUAGE_STANDARD = gnu11;
				GCC_DYNAMIC_NO_PIC = NO;
				GCC_NO_COMMON_BLOCKS = YES;
				GCC_OPTIMIZATION_LEVEL = 0;
				GCC_PREPROCESSOR_DEFINITIONS = (
					"DEBUG=1",
					"$(inherited)",
				);
				GCC_WARN_64_TO_32_BIT_CONVERSION = YES;
				GCC_WARN_ABOUT_RETURN_TYPE = YES_ERROR;
				GCC_WARN_UNDECLARED_SELECTOR = YES;
				GCC_WARN_UNINITIALIZED_AUTOS = YES_AGGRESSIVE;
				GCC_WARN_UNUSED_FUNCTION = YES;
				GCC_WARN_UNUSED_VARIABLE = YES;
				IPHONEOS_DEPLOYMENT_TARGET = 15.2;
				MTL_ENABLE_DEBUG_INFO = INCLUDE_SOURCE;
				MTL_FAST_MATH = YES;
				ONLY_ACTIVE_ARCH = YES;
				SDKROOT = iphoneos;
				SWIFT_ACTIVE_COMPILATION_CONDITIONS = DEBUG;
				SWIFT_OPTIMIZATION_LEVEL = "-Onone";
			};
			name = Debug;
		};
		AD9B641A28C3235500C78482 /* Release */ = {
			isa = XCBuildConfiguration;
			buildSettings = {
				ALWAYS_SEARCH_USER_PATHS = NO;
				CLANG_ANALYZER_NONNULL = YES;
				CLANG_ANALYZER_NUMBER_OBJECT_CONVERSION = YES_AGGRESSIVE;
				CLANG_CXX_LANGUAGE_STANDARD = "gnu++17";
				CLANG_CXX_LIBRARY = "libc++";
				CLANG_ENABLE_MODULES = YES;
				CLANG_ENABLE_OBJC_ARC = YES;
				CLANG_ENABLE_OBJC_WEAK = YES;
				CLANG_WARN_BLOCK_CAPTURE_AUTORELEASING = YES;
				CLANG_WARN_BOOL_CONVERSION = YES;
				CLANG_WARN_COMMA = YES;
				CLANG_WARN_CONSTANT_CONVERSION = YES;
				CLANG_WARN_DEPRECATED_OBJC_IMPLEMENTATIONS = YES;
				CLANG_WARN_DIRECT_OBJC_ISA_USAGE = YES_ERROR;
				CLANG_WARN_DOCUMENTATION_COMMENTS = YES;
				CLANG_WARN_EMPTY_BODY = YES;
				CLANG_WARN_ENUM_CONVERSION = YES;
				CLANG_WARN_INFINITE_RECURSION = YES;
				CLANG_WARN_INT_CONVERSION = YES;
				CLANG_WARN_NON_LITERAL_NULL_CONVERSION = YES;
				CLANG_WARN_OBJC_IMPLICIT_RETAIN_SELF = YES;
				CLANG_WARN_OBJC_LITERAL_CONVERSION = YES;
				CLANG_WARN_OBJC_ROOT_CLASS = YES_ERROR;
				CLANG_WARN_QUOTED_INCLUDE_IN_FRAMEWORK_HEADER = YES;
				CLANG_WARN_RANGE_LOOP_ANALYSIS = YES;
				CLANG_WARN_STRICT_PROTOTYPES = YES;
				CLANG_WARN_SUSPICIOUS_MOVE = YES;
				CLANG_WARN_UNGUARDED_AVAILABILITY = YES_AGGRESSIVE;
				CLANG_WARN_UNREACHABLE_CODE = YES;
				CLANG_WARN__DUPLICATE_METHOD_MATCH = YES;
				COPY_PHASE_STRIP = NO;
				DEBUG_INFORMATION_FORMAT = "dwarf-with-dsym";
				ENABLE_NS_ASSERTIONS = NO;
				ENABLE_STRICT_OBJC_MSGSEND = YES;
				GCC_C_LANGUAGE_STANDARD = gnu11;
				GCC_NO_COMMON_BLOCKS = YES;
				GCC_WARN_64_TO_32_BIT_CONVERSION = YES;
				GCC_WARN_ABOUT_RETURN_TYPE = YES_ERROR;
				GCC_WARN_UNDECLARED_SELECTOR = YES;
				GCC_WARN_UNINITIALIZED_AUTOS = YES_AGGRESSIVE;
				GCC_WARN_UNUSED_FUNCTION = YES;
				GCC_WARN_UNUSED_VARIABLE = YES;
				IPHONEOS_DEPLOYMENT_TARGET = 15.2;
				MTL_ENABLE_DEBUG_INFO = NO;
				MTL_FAST_MATH = YES;
				SDKROOT = iphoneos;
				SWIFT_COMPILATION_MODE = wholemodule;
				SWIFT_OPTIMIZATION_LEVEL = "-O";
				VALIDATE_PRODUCT = YES;
			};
			name = Release;
		};
		AD9B641C28C3235500C78482 /* Debug */ = {
			isa = XCBuildConfiguration;
			baseConfigurationReference = BCAFE7559D5571033E68730F /* Pods-Codigo Code Test.debug.xcconfig */;
			buildSettings = {
				ASSETCATALOG_COMPILER_APPICON_NAME = AppIcon;
				ASSETCATALOG_COMPILER_GLOBAL_ACCENT_COLOR_NAME = AccentColor;
				CODE_SIGN_IDENTITY = "Apple Development";
				CODE_SIGN_STYLE = Automatic;
				CURRENT_PROJECT_VERSION = 1;
				DEVELOPMENT_TEAM = 7Y64E7677H;
				GENERATE_INFOPLIST_FILE = YES;
				INFOPLIST_FILE = "Codigo Code Test/Info.plist";
				INFOPLIST_KEY_UIApplicationSupportsIndirectInputEvents = YES;
				INFOPLIST_KEY_UILaunchStoryboardName = LaunchScreen;
				INFOPLIST_KEY_UIMainStoryboardFile = Main;
				INFOPLIST_KEY_UISupportedInterfaceOrientations_iPad = "UIInterfaceOrientationPortrait UIInterfaceOrientationPortraitUpsideDown UIInterfaceOrientationLandscapeLeft UIInterfaceOrientationLandscapeRight";
				INFOPLIST_KEY_UISupportedInterfaceOrientations_iPhone = "UIInterfaceOrientationPortrait UIInterfaceOrientationLandscapeLeft UIInterfaceOrientationLandscapeRight";
				LD_RUNPATH_SEARCH_PATHS = (
					"$(inherited)",
					"@executable_path/Frameworks",
				);
				MARKETING_VERSION = 1.0;
				PRODUCT_BUNDLE_IDENTIFIER = "com.amm.Codigo-Code-Test";
				PRODUCT_NAME = "$(TARGET_NAME)";
				PROVISIONING_PROFILE_SPECIFIER = "";
				SWIFT_EMIT_LOC_STRINGS = YES;
				SWIFT_VERSION = 5.0;
				TARGETED_DEVICE_FAMILY = "1,2";
			};
			name = Debug;
		};
		AD9B641D28C3235500C78482 /* Release */ = {
			isa = XCBuildConfiguration;
			baseConfigurationReference = B5C69BA968D1F90A9157364E /* Pods-Codigo Code Test.release.xcconfig */;
			buildSettings = {
				ASSETCATALOG_COMPILER_APPICON_NAME = AppIcon;
				ASSETCATALOG_COMPILER_GLOBAL_ACCENT_COLOR_NAME = AccentColor;
				CODE_SIGN_IDENTITY = "Apple Development";
				CODE_SIGN_STYLE = Automatic;
				CURRENT_PROJECT_VERSION = 1;
				DEVELOPMENT_TEAM = 7Y64E7677H;
				GENERATE_INFOPLIST_FILE = YES;
				INFOPLIST_FILE = "Codigo Code Test/Info.plist";
				INFOPLIST_KEY_UIApplicationSupportsIndirectInputEvents = YES;
				INFOPLIST_KEY_UILaunchStoryboardName = LaunchScreen;
				INFOPLIST_KEY_UIMainStoryboardFile = Main;
				INFOPLIST_KEY_UISupportedInterfaceOrientations_iPad = "UIInterfaceOrientationPortrait UIInterfaceOrientationPortraitUpsideDown UIInterfaceOrientationLandscapeLeft UIInterfaceOrientationLandscapeRight";
				INFOPLIST_KEY_UISupportedInterfaceOrientations_iPhone = "UIInterfaceOrientationPortrait UIInterfaceOrientationLandscapeLeft UIInterfaceOrientationLandscapeRight";
				LD_RUNPATH_SEARCH_PATHS = (
					"$(inherited)",
					"@executable_path/Frameworks",
				);
				MARKETING_VERSION = 1.0;
				PRODUCT_BUNDLE_IDENTIFIER = "com.amm.Codigo-Code-Test";
				PRODUCT_NAME = "$(TARGET_NAME)";
				PROVISIONING_PROFILE_SPECIFIER = "";
				SWIFT_EMIT_LOC_STRINGS = YES;
				SWIFT_VERSION = 5.0;
				TARGETED_DEVICE_FAMILY = "1,2";
			};
			name = Release;
		};
/* End XCBuildConfiguration section */

/* Begin XCConfigurationList section */
		AD9B640228C3235100C78482 /* Build configuration list for PBXProject "Codigo Code Test" */ = {
			isa = XCConfigurationList;
			buildConfigurations = (
				AD9B641928C3235500C78482 /* Debug */,
				AD9B641A28C3235500C78482 /* Release */,
			);
			defaultConfigurationIsVisible = 0;
			defaultConfigurationName = Release;
		};
		AD9B641B28C3235500C78482 /* Build configuration list for PBXNativeTarget "Codigo Code Test" */ = {
			isa = XCConfigurationList;
			buildConfigurations = (
				AD9B641C28C3235500C78482 /* Debug */,
				AD9B641D28C3235500C78482 /* Release */,
			);
			defaultConfigurationIsVisible = 0;
			defaultConfigurationName = Release;
		};
/* End XCConfigurationList section */
	};
	rootObject = AD9B63FF28C3235100C78482 /* Project object */;
}
